
Microsoft Visual Studio Solution File, Format Version 12.00
# Visual Studio Version 16
VisualStudioVersion = 16.0.31515.178
MinimumVisualStudioVersion = 10.0.40219.1
Project("{2150E333-8FDC-42A3-9474-1A3956D46DE8}") = "src", "src", "{A10661DE-59D5-4DC9-9159-F834E6FEEF91}"
EndProject
Project("{2150E333-8FDC-42A3-9474-1A3956D46DE8}") = "tests", "tests", "{075E2E5F-F326-437E-ABDE-9B9E6DF816DF}"
EndProject
Project("{2150E333-8FDC-42A3-9474-1A3956D46DE8}") = "Solution Items", "Solution Items", "{F495E063-D8D5-4A77-8101-944983609C9C}"
	ProjectSection(SolutionItems) = preProject
		.editorconfig = .editorconfig
		stylecop.json = stylecop.json
	EndProjectSection
EndProject
Project("{9A19103F-16F7-4668-BE54-9A1E7A4F7556}") = "TryCatch.MongoDb", "TryCatch.MongoDb\TryCatch.MongoDb.csproj", "{3564FEC6-4176-4A4D-8378-06BCBB7BFABD}"
EndProject
Project("{9A19103F-16F7-4668-BE54-9A1E7A4F7556}") = "TryCatch.MongoDb.UnitTests", "TryCatch.MongoDb.UnitTests\TryCatch.MongoDb.UnitTests.csproj", "{72029916-0EE9-482A-ADBE-078957C9F761}"
EndProject
Global
	GlobalSection(SolutionConfigurationPlatforms) = preSolution
		Debug|Any CPU = Debug|Any CPU
		Release|Any CPU = Release|Any CPU
	EndGlobalSection
	GlobalSection(ProjectConfigurationPlatforms) = postSolution
		{3564FEC6-4176-4A4D-8378-06BCBB7BFABD}.Debug|Any CPU.ActiveCfg = Debug|Any CPU
		{3564FEC6-4176-4A4D-8378-06BCBB7BFABD}.Debug|Any CPU.Build.0 = Debug|Any CPU
		{3564FEC6-4176-4A4D-8378-06BCBB7BFABD}.Release|Any CPU.ActiveCfg = Release|Any CPU
		{3564FEC6-4176-4A4D-8378-06BCBB7BFABD}.Release|Any CPU.Build.0 = Release|Any CPU
		{72029916-0EE9-482A-ADBE-078957C9F761}.Debug|Any CPU.ActiveCfg = Debug|Any CPU
		{72029916-0EE9-482A-ADBE-078957C9F761}.Debug|Any CPU.Build.0 = Debug|Any CPU
		{72029916-0EE9-482A-ADBE-078957C9F761}.Release|Any CPU.ActiveCfg = Release|Any CPU
		{72029916-0EE9-482A-ADBE-078957C9F761}.Release|Any CPU.Build.0 = Release|Any CPU
	EndGlobalSection
	GlobalSection(SolutionProperties) = preSolution
		HideSolutionNode = FALSE
	EndGlobalSection
	GlobalSection(NestedProjects) = preSolution
		{3564FEC6-4176-4A4D-8378-06BCBB7BFABD} = {A10661DE-59D5-4DC9-9159-F834E6FEEF91}
		{72029916-0EE9-482A-ADBE-078957C9F761} = {075E2E5F-F326-437E-ABDE-9B9E6DF816DF}
	EndGlobalSection
	GlobalSection(ExtensibilityGlobals) = postSolution
		SolutionGuid = {642031C2-5555-449F-B142-84349C3D5EBF}
	EndGlobalSection
EndGlobal
